
Microsoft Visual Studio Solution File, Format Version 12.00
# Visual Studio Version 17
VisualStudioVersion = 17.7.34202.233
MinimumVisualStudioVersion = 10.0.40219.1
Project("{FAE04EC0-301F-11D3-BF4B-00C04F79EFBC}") = "Stomatologia", "Stomatologia.csproj", "{12995E3A-8020-419E-9D80-E3982C54F90D}"
EndProject
Global
	GlobalSection(SolutionConfigurationPlatforms) = preSolution
		Debug|Any CPU = Debug|Any CPU
		Release|Any CPU = Release|Any CPU
	EndGlobalSection
	GlobalSection(ProjectConfigurationPlatforms) = postSolution
		{12995E3A-8020-419E-9D80-E3982C54F90D}.Debug|Any CPU.ActiveCfg = Debug|Any CPU
		{12995E3A-8020-419E-9D80-E3982C54F90D}.Debug|Any CPU.Build.0 = Debug|Any CPU
		{12995E3A-8020-419E-9D80-E3982C54F90D}.Release|Any CPU.ActiveCfg = Release|Any CPU
		{12995E3A-8020-419E-9D80-E3982C54F90D}.Release|Any CPU.Build.0 = Release|Any CPU
	EndGlobalSection
	GlobalSection(SolutionProperties) = preSolution
		HideSolutionNode = FALSE
	EndGlobalSection
	GlobalSection(ExtensibilityGlobals) = postSolution
		SolutionGuid = {FFFDD9DC-6D32-4464-9397-653DD12E7FA4}
	EndGlobalSection
EndGlobal
